
Microsoft Visual Studio Solution File, Format Version 12.00
# Visual Studio Version 16
VisualStudioVersion = 16.0.34031.81
MinimumVisualStudioVersion = 10.0.40219.1
Project("{8BC9CEB8-8B4A-11D0-8D11-00A0C91BC942}") = "Project8.1char", "Project8.1char\Project8.1char.vcxproj", "{4B770AE7-27CA-4474-97B8-71B8E499B192}"
EndProject
Project("{8BC9CEB8-8B4A-11D0-8D11-00A0C91BC942}") = "UnitTest8.1char", "UnitTest8.1char\UnitTest8.1char.vcxproj", "{3409DBDC-4527-4267-B316-F11F34F3F8ED}"
EndProject
Global
	GlobalSection(SolutionConfigurationPlatforms) = preSolution
		Debug|x64 = Debug|x64
		Debug|x86 = Debug|x86
		Release|x64 = Release|x64
		Release|x86 = Release|x86
	EndGlobalSection
	GlobalSection(ProjectConfigurationPlatforms) = postSolution
		{4B770AE7-27CA-4474-97B8-71B8E499B192}.Debug|x64.ActiveCfg = Debug|x64
		{4B770AE7-27CA-4474-97B8-71B8E499B192}.Debug|x64.Build.0 = Debug|x64
		{4B770AE7-27CA-4474-97B8-71B8E499B192}.Debug|x86.ActiveCfg = Debug|Win32
		{4B770AE7-27CA-4474-97B8-71B8E499B192}.Debug|x86.Build.0 = Debug|Win32
		{4B770AE7-27CA-4474-97B8-71B8E499B192}.Release|x64.ActiveCfg = Release|x64
		{4B770AE7-27CA-4474-97B8-71B8E499B192}.Release|x64.Build.0 = Release|x64
		{4B770AE7-27CA-4474-97B8-71B8E499B192}.Release|x86.ActiveCfg = Release|Win32
		{4B770AE7-27CA-4474-97B8-71B8E499B192}.Release|x86.Build.0 = Release|Win32
		{3409DBDC-4527-4267-B316-F11F34F3F8ED}.Debug|x64.ActiveCfg = Debug|x64
		{3409DBDC-4527-4267-B316-F11F34F3F8ED}.Debug|x64.Build.0 = Debug|x64
		{3409DBDC-4527-4267-B316-F11F34F3F8ED}.Debug|x86.ActiveCfg = Debug|Win32
		{3409DBDC-4527-4267-B316-F11F34F3F8ED}.Debug|x86.Build.0 = Debug|Win32
		{3409DBDC-4527-4267-B316-F11F34F3F8ED}.Release|x64.ActiveCfg = Release|x64
		{3409DBDC-4527-4267-B316-F11F34F3F8ED}.Release|x64.Build.0 = Release|x64
		{3409DBDC-4527-4267-B316-F11F34F3F8ED}.Release|x86.ActiveCfg = Release|Win32
		{3409DBDC-4527-4267-B316-F11F34F3F8ED}.Release|x86.Build.0 = Release|Win32
	EndGlobalSection
	GlobalSection(SolutionProperties) = preSolution
		HideSolutionNode = FALSE
	EndGlobalSection
	GlobalSection(ExtensibilityGlobals) = postSolution
		SolutionGuid = {C518219D-7BCC-441E-BD9E-5730199CA154}
	EndGlobalSection
EndGlobal
